// !$*UTF8*$!
{
	archiveVersion = 1;
	classes = {
	};
	objectVersion = 56;
	objects = {

/* Begin PBXBuildFile section */
		89B0DB292C2C0D9500DD2F56 /* PageViewApp.swift in Sources */ = {isa = PBXBuildFile; fileRef = 89B0DB282C2C0D9500DD2F56 /* PageViewApp.swift */; };
		89B0DB2B2C2C0D9500DD2F56 /* PageView.swift in Sources */ = {isa = PBXBuildFile; fileRef = 89B0DB2A2C2C0D9500DD2F56 /* PageView.swift */; };
		89B0DB2D2C2C0D9800DD2F56 /* Assets.xcassets in Resources */ = {isa = PBXBuildFile; fileRef = 89B0DB2C2C2C0D9800DD2F56 /* Assets.xcassets */; };
		89B0DB302C2C0D9800DD2F56 /* Preview Assets.xcassets in Resources */ = {isa = PBXBuildFile; fileRef = 89B0DB2F2C2C0D9800DD2F56 /* Preview Assets.xcassets */; };
		89B0DB3A2C2C0D9800DD2F56 /* PageViewTests.swift in Sources */ = {isa = PBXBuildFile; fileRef = 89B0DB392C2C0D9800DD2F56 /* PageViewTests.swift */; };
		89B0DB442C2C0D9800DD2F56 /* PageViewUITests.swift in Sources */ = {isa = PBXBuildFile; fileRef = 89B0DB432C2C0D9800DD2F56 /* PageViewUITests.swift */; };
		89B0DB462C2C0D9800DD2F56 /* PageViewUITestsLaunchTests.swift in Sources */ = {isa = PBXBuildFile; fileRef = 89B0DB452C2C0D9800DD2F56 /* PageViewUITestsLaunchTests.swift */; };
		89B0DB532C2C0DE300DD2F56 /* PageViewController.swift in Sources */ = {isa = PBXBuildFile; fileRef = 89B0DB522C2C0DE300DD2F56 /* PageViewController.swift */; };
		89B0DB552C2C0E1300DD2F56 /* PageControl.swift in Sources */ = {isa = PBXBuildFile; fileRef = 89B0DB542C2C0E1300DD2F56 /* PageControl.swift */; };
		89B0DB582C2C0E4A00DD2F56 /* ModelData.swift in Sources */ = {isa = PBXBuildFile; fileRef = 89B0DB572C2C0E4A00DD2F56 /* ModelData.swift */; };
		89B0DB5C2C2C0E8500DD2F56 /* Landmark.swift in Sources */ = {isa = PBXBuildFile; fileRef = 89B0DB592C2C0E8400DD2F56 /* Landmark.swift */; };
		89B0DB5D2C2C0E8500DD2F56 /* Hike.swift in Sources */ = {isa = PBXBuildFile; fileRef = 89B0DB5A2C2C0E8500DD2F56 /* Hike.swift */; };
		89B0DB5E2C2C0E8500DD2F56 /* Profile.swift in Sources */ = {isa = PBXBuildFile; fileRef = 89B0DB5B2C2C0E8500DD2F56 /* Profile.swift */; };
		89B0DB602C2C0EB700DD2F56 /* FeatureCard.swift in Sources */ = {isa = PBXBuildFile; fileRef = 89B0DB5F2C2C0EB700DD2F56 /* FeatureCard.swift */; };
		89B0DB642C2C0F3600DD2F56 /* hikeData.json in Resources */ = {isa = PBXBuildFile; fileRef = 89B0DB622C2C0F3600DD2F56 /* hikeData.json */; };
		89B0DB652C2C0F3600DD2F56 /* landmarkData.json in Resources */ = {isa = PBXBuildFile; fileRef = 89B0DB632C2C0F3600DD2F56 /* landmarkData.json */; };
/* End PBXBuildFile section */

/* Begin PBXContainerItemProxy section */
		89B0DB362C2C0D9800DD2F56 /* PBXContainerItemProxy */ = {
			isa = PBXContainerItemProxy;
			containerPortal = 89B0DB1D2C2C0D9500DD2F56 /* Project object */;
			proxyType = 1;
			remoteGlobalIDString = 89B0DB242C2C0D9500DD2F56;
			remoteInfo = PageView;
		};
		89B0DB402C2C0D9800DD2F56 /* PBXContainerItemProxy */ = {
			isa = PBXContainerItemProxy;
			containerPortal = 89B0DB1D2C2C0D9500DD2F56 /* Project object */;
			proxyType = 1;
			remoteGlobalIDString = 89B0DB242C2C0D9500DD2F56;
			remoteInfo = PageView;
		};
/* End PBXContainerItemProxy section */

/* Begin PBXFileReference section */
		89B0DB252C2C0D9500DD2F56 /* PageView.app */ = {isa = PBXFileReference; explicitFileType = wrapper.application; includeInIndex = 0; path = PageView.app; sourceTree = BUILT_PRODUCTS_DIR; };
		89B0DB282C2C0D9500DD2F56 /* PageViewApp.swift */ = {isa = PBXFileReference; lastKnownFileType = sourcecode.swift; path = PageViewApp.swift; sourceTree = "<group>"; };
		89B0DB2A2C2C0D9500DD2F56 /* PageView.swift */ = {isa = PBXFileReference; lastKnownFileType = sourcecode.swift; path = PageView.swift; sourceTree = "<group>"; };
		89B0DB2C2C2C0D9800DD2F56 /* Assets.xcassets */ = {isa = PBXFileReference; lastKnownFileType = folder.assetcatalog; path = Assets.xcassets; sourceTree = "<group>"; };
		89B0DB2F2C2C0D9800DD2F56 /* Preview Assets.xcassets */ = {isa = PBXFileReference; lastKnownFileType = folder.assetcatalog; path = "Preview Assets.xcassets"; sourceTree = "<group>"; };
		89B0DB352C2C0D9800DD2F56 /* PageViewTests.xctest */ = {isa = PBXFileReference; explicitFileType = wrapper.cfbundle; includeInIndex = 0; path = PageViewTests.xctest; sourceTree = BUILT_PRODUCTS_DIR; };
		89B0DB392C2C0D9800DD2F56 /* PageViewTests.swift */ = {isa = PBXFileReference; lastKnownFileType = sourcecode.swift; path = PageViewTests.swift; sourceTree = "<group>"; };
		89B0DB3F2C2C0D9800DD2F56 /* PageViewUITests.xctest */ = {isa = PBXFileReference; explicitFileType = wrapper.cfbundle; includeInIndex = 0; path = PageViewUITests.xctest; sourceTree = BUILT_PRODUCTS_DIR; };
		89B0DB432C2C0D9800DD2F56 /* PageViewUITests.swift */ = {isa = PBXFileReference; lastKnownFileType = sourcecode.swift; path = PageViewUITests.swift; sourceTree = "<group>"; };
		89B0DB452C2C0D9800DD2F56 /* PageViewUITestsLaunchTests.swift */ = {isa = PBXFileReference; lastKnownFileType = sourcecode.swift; path = PageViewUITestsLaunchTests.swift; sourceTree = "<group>"; };
		89B0DB522C2C0DE300DD2F56 /* PageViewController.swift */ = {isa = PBXFileReference; lastKnownFileType = sourcecode.swift; path = PageViewController.swift; sourceTree = "<group>"; };
		89B0DB542C2C0E1300DD2F56 /* PageControl.swift */ = {isa = PBXFileReference; lastKnownFileType = sourcecode.swift; path = PageControl.swift; sourceTree = "<group>"; };
		89B0DB572C2C0E4A00DD2F56 /* ModelData.swift */ = {isa = PBXFileReference; lastKnownFileType = sourcecode.swift; path = ModelData.swift; sourceTree = "<group>"; };
		89B0DB592C2C0E8400DD2F56 /* Landmark.swift */ = {isa = PBXFileReference; fileEncoding = 4; lastKnownFileType = sourcecode.swift; path = Landmark.swift; sourceTree = "<group>"; };
		89B0DB5A2C2C0E8500DD2F56 /* Hike.swift */ = {isa = PBXFileReference; fileEncoding = 4; lastKnownFileType = sourcecode.swift; path = Hike.swift; sourceTree = "<group>"; };
		89B0DB5B2C2C0E8500DD2F56 /* Profile.swift */ = {isa = PBXFileReference; fileEncoding = 4; lastKnownFileType = sourcecode.swift; path = Profile.swift; sourceTree = "<group>"; };
		89B0DB5F2C2C0EB700DD2F56 /* FeatureCard.swift */ = {isa = PBXFileReference; lastKnownFileType = sourcecode.swift; path = FeatureCard.swift; sourceTree = "<group>"; };
		89B0DB622C2C0F3600DD2F56 /* hikeData.json */ = {isa = PBXFileReference; fileEncoding = 4; lastKnownFileType = text.json; path = hikeData.json; sourceTree = "<group>"; };
		89B0DB632C2C0F3600DD2F56 /* landmarkData.json */ = {isa = PBXFileReference; fileEncoding = 4; lastKnownFileType = text.json; path = landmarkData.json; sourceTree = "<group>"; };
/* End PBXFileReference section */

/* Begin PBXFrameworksBuildPhase section */
		89B0DB222C2C0D9500DD2F56 /* Frameworks */ = {
			isa = PBXFrameworksBuildPhase;
			buildActionMask = 2147483647;
			files = (
			);
			runOnlyForDeploymentPostprocessing = 0;
		};
		89B0DB322C2C0D9800DD2F56 /* Frameworks */ = {
			isa = PBXFrameworksBuildPhase;
			buildActionMask = 2147483647;
			files = (
			);
			runOnlyForDeploymentPostprocessing = 0;
		};
		89B0DB3C2C2C0D9800DD2F56 /* Frameworks */ = {
			isa = PBXFrameworksBuildPhase;
			buildActionMask = 2147483647;
			files = (
			);
			runOnlyForDeploymentPostprocessing = 0;
		};
/* End PBXFrameworksBuildPhase section */

/* Begin PBXGroup section */
		89B0DB1C2C2C0D9500DD2F56 = {
			isa = PBXGroup;
			children = (
				89B0DB272C2C0D9500DD2F56 /* PageView */,
				89B0DB382C2C0D9800DD2F56 /* PageViewTests */,
				89B0DB422C2C0D9800DD2F56 /* PageViewUITests */,
				89B0DB262C2C0D9500DD2F56 /* Products */,
			);
			sourceTree = "<group>";
		};
		89B0DB262C2C0D9500DD2F56 /* Products */ = {
			isa = PBXGroup;
			children = (
				89B0DB252C2C0D9500DD2F56 /* PageView.app */,
				89B0DB352C2C0D9800DD2F56 /* PageViewTests.xctest */,
				89B0DB3F2C2C0D9800DD2F56 /* PageViewUITests.xctest */,
			);
			name = Products;
			sourceTree = "<group>";
		};
		89B0DB272C2C0D9500DD2F56 /* PageView */ = {
			isa = PBXGroup;
			children = (
				89B0DB612C2C0F0200DD2F56 /* Resources */,
				89B0DB562C2C0E4100DD2F56 /* Model */,
				89B0DB282C2C0D9500DD2F56 /* PageViewApp.swift */,
				89B0DB2A2C2C0D9500DD2F56 /* PageView.swift */,
				89B0DB522C2C0DE300DD2F56 /* PageViewController.swift */,
				89B0DB542C2C0E1300DD2F56 /* PageControl.swift */,
				89B0DB5F2C2C0EB700DD2F56 /* FeatureCard.swift */,
				89B0DB2C2C2C0D9800DD2F56 /* Assets.xcassets */,
				89B0DB2E2C2C0D9800DD2F56 /* Preview Content */,
			);
			path = PageView;
			sourceTree = "<group>";
		};
		89B0DB2E2C2C0D9800DD2F56 /* Preview Content */ = {
			isa = PBXGroup;
			children = (
				89B0DB2F2C2C0D9800DD2F56 /* Preview Assets.xcassets */,
			);
			path = "Preview Content";
			sourceTree = "<group>";
		};
		89B0DB382C2C0D9800DD2F56 /* PageViewTests */ = {
			isa = PBXGroup;
			children = (
				89B0DB392C2C0D9800DD2F56 /* PageViewTests.swift */,
			);
			path = PageViewTests;
			sourceTree = "<group>";
		};
		89B0DB422C2C0D9800DD2F56 /* PageViewUITests */ = {
			isa = PBXGroup;
			children = (
				89B0DB432C2C0D9800DD2F56 /* PageViewUITests.swift */,
				89B0DB452C2C0D9800DD2F56 /* PageViewUITestsLaunchTests.swift */,
			);
			path = PageViewUITests;
			sourceTree = "<group>";
		};
		89B0DB562C2C0E4100DD2F56 /* Model */ = {
			isa = PBXGroup;
			children = (
				89B0DB5A2C2C0E8500DD2F56 /* Hike.swift */,
				89B0DB592C2C0E8400DD2F56 /* Landmark.swift */,
				89B0DB5B2C2C0E8500DD2F56 /* Profile.swift */,
				89B0DB572C2C0E4A00DD2F56 /* ModelData.swift */,
			);
			path = Model;
			sourceTree = "<group>";
		};
		89B0DB612C2C0F0200DD2F56 /* Resources */ = {
			isa = PBXGroup;
			children = (
				89B0DB622C2C0F3600DD2F56 /* hikeData.json */,
				89B0DB632C2C0F3600DD2F56 /* landmarkData.json */,
			);
			path = Resources;
			sourceTree = "<group>";
		};
/* End PBXGroup section */

/* Begin PBXNativeTarget section */
		89B0DB242C2C0D9500DD2F56 /* PageView */ = {
			isa = PBXNativeTarget;
			buildConfigurationList = 89B0DB492C2C0D9800DD2F56 /* Build configuration list for PBXNativeTarget "PageView" */;
			buildPhases = (
				89B0DB212C2C0D9500DD2F56 /* Sources */,
				89B0DB222C2C0D9500DD2F56 /* Frameworks */,
				89B0DB232C2C0D9500DD2F56 /* Resources */,
			);
			buildRules = (
			);
			dependencies = (
			);
			name = PageView;
			productName = PageView;
			productReference = 89B0DB252C2C0D9500DD2F56 /* PageView.app */;
			productType = "com.apple.product-type.application";
		};
		89B0DB342C2C0D9800DD2F56 /* PageViewTests */ = {
			isa = PBXNativeTarget;
			buildConfigurationList = 89B0DB4C2C2C0D9800DD2F56 /* Build configuration list for PBXNativeTarget "PageViewTests" */;
			buildPhases = (
				89B0DB312C2C0D9800DD2F56 /* Sources */,
				89B0DB322C2C0D9800DD2F56 /* Frameworks */,
				89B0DB332C2C0D9800DD2F56 /* Resources */,
			);
			buildRules = (
			);
			dependencies = (
				89B0DB372C2C0D9800DD2F56 /* PBXTargetDependency */,
			);
			name = PageViewTests;
			productName = PageViewTests;
			productReference = 89B0DB352C2C0D9800DD2F56 /* PageViewTests.xctest */;
			productType = "com.apple.product-type.bundle.unit-test";
		};
		89B0DB3E2C2C0D9800DD2F56 /* PageViewUITests */ = {
			isa = PBXNativeTarget;
			buildConfigurationList = 89B0DB4F2C2C0D9800DD2F56 /* Build configuration list for PBXNativeTarget "PageViewUITests" */;
			buildPhases = (
				89B0DB3B2C2C0D9800DD2F56 /* Sources */,
				89B0DB3C2C2C0D9800DD2F56 /* Frameworks */,
				89B0DB3D2C2C0D9800DD2F56 /* Resources */,
			);
			buildRules = (
			);
			dependencies = (
				89B0DB412C2C0D9800DD2F56 /* PBXTargetDependency */,
			);
			name = PageViewUITests;
			productName = PageViewUITests;
			productReference = 89B0DB3F2C2C0D9800DD2F56 /* PageViewUITests.xctest */;
			productType = "com.apple.product-type.bundle.ui-testing";
		};
/* End PBXNativeTarget section */

/* Begin PBXProject section */
		89B0DB1D2C2C0D9500DD2F56 /* Project object */ = {
			isa = PBXProject;
			attributes = {
				BuildIndependentTargetsInParallel = 1;
				LastSwiftUpdateCheck = 1500;
				LastUpgradeCheck = 1500;
				TargetAttributes = {
					89B0DB242C2C0D9500DD2F56 = {
						CreatedOnToolsVersion = 15.0.1;
					};
					89B0DB342C2C0D9800DD2F56 = {
						CreatedOnToolsVersion = 15.0.1;
						TestTargetID = 89B0DB242C2C0D9500DD2F56;
					};
					89B0DB3E2C2C0D9800DD2F56 = {
						CreatedOnToolsVersion = 15.0.1;
						TestTargetID = 89B0DB242C2C0D9500DD2F56;
					};
				};
			};
			buildConfigurationList = 89B0DB202C2C0D9500DD2F56 /* Build configuration list for PBXProject "PageView" */;
			compatibilityVersion = "Xcode 14.0";
			developmentRegion = en;
			hasScannedForEncodings = 0;
			knownRegions = (
				en,
				Base,
			);
			mainGroup = 89B0DB1C2C2C0D9500DD2F56;
			productRefGroup = 89B0DB262C2C0D9500DD2F56 /* Products */;
			projectDirPath = "";
			projectRoot = "";
			targets = (
				89B0DB242C2C0D9500DD2F56 /* PageView */,
				89B0DB342C2C0D9800DD2F56 /* PageViewTests */,
				89B0DB3E2C2C0D9800DD2F56 /* PageViewUITests */,
			);
		};
/* End PBXProject section */

/* Begin PBXResourcesBuildPhase section */
		89B0DB232C2C0D9500DD2F56 /* Resources */ = {
			isa = PBXResourcesBuildPhase;
			buildActionMask = 2147483647;
			files = (
				89B0DB302C2C0D9800DD2F56 /* Preview Assets.xcassets in Resources */,
				89B0DB652C2C0F3600DD2F56 /* landmarkData.json in Resources */,
				89B0DB642C2C0F3600DD2F56 /* hikeData.json in Resources */,
				89B0DB2D2C2C0D9800DD2F56 /* Assets.xcassets in Resources */,
			);
			runOnlyForDeploymentPostprocessing = 0;
		};
		89B0DB332C2C0D9800DD2F56 /* Resources */ = {
			isa = PBXResourcesBuildPhase;
			buildActionMask = 2147483647;
			files = (
			);
			runOnlyForDeploymentPostprocessing = 0;
		};
		89B0DB3D2C2C0D9800DD2F56 /* Resources */ = {
			isa = PBXResourcesBuildPhase;
			buildActionMask = 2147483647;
			files = (
			);
			runOnlyForDeploymentPostprocessing = 0;
		};
/* End PBXResourcesBuildPhase section */

/* Begin PBXSourcesBuildPhase section */
		89B0DB212C2C0D9500DD2F56 /* Sources */ = {
			isa = PBXSourcesBuildPhase;
			buildActionMask = 2147483647;
			files = (
				89B0DB532C2C0DE300DD2F56 /* PageViewController.swift in Sources */,
				89B0DB602C2C0EB700DD2F56 /* FeatureCard.swift in Sources */,
				89B0DB5E2C2C0E8500DD2F56 /* Profile.swift in Sources */,
				89B0DB2B2C2C0D9500DD2F56 /* PageView.swift in Sources */,
				89B0DB582C2C0E4A00DD2F56 /* ModelData.swift in Sources */,
				89B0DB5D2C2C0E8500DD2F56 /* Hike.swift in Sources */,
				89B0DB552C2C0E1300DD2F56 /* PageControl.swift in Sources */,
				89B0DB292C2C0D9500DD2F56 /* PageViewApp.swift in Sources */,
				89B0DB5C2C2C0E8500DD2F56 /* Landmark.swift in Sources */,
			);
			runOnlyForDeploymentPostprocessing = 0;
		};
		89B0DB312C2C0D9800DD2F56 /* Sources */ = {
			isa = PBXSourcesBuildPhase;
			buildActionMask = 2147483647;
			files = (
				89B0DB3A2C2C0D9800DD2F56 /* PageViewTests.swift in Sources */,
			);
			runOnlyForDeploymentPostprocessing = 0;
		};
		89B0DB3B2C2C0D9800DD2F56 /* Sources */ = {
			isa = PBXSourcesBuildPhase;
			buildActionMask = 2147483647;
			files = (
				89B0DB462C2C0D9800DD2F56 /* PageViewUITestsLaunchTests.swift in Sources */,
				89B0DB442C2C0D9800DD2F56 /* PageViewUITests.swift in Sources */,
			);
			runOnlyForDeploymentPostprocessing = 0;
		};
/* End PBXSourcesBuildPhase section */

/* Begin PBXTargetDependency section */
		89B0DB372C2C0D9800DD2F56 /* PBXTargetDependency */ = {
			isa = PBXTargetDependency;
			target = 89B0DB242C2C0D9500DD2F56 /* PageView */;
			targetProxy = 89B0DB362C2C0D9800DD2F56 /* PBXContainerItemProxy */;
		};
		89B0DB412C2C0D9800DD2F56 /* PBXTargetDependency */ = {
			isa = PBXTargetDependency;
			target = 89B0DB242C2C0D9500DD2F56 /* PageView */;
			targetProxy = 89B0DB402C2C0D9800DD2F56 /* PBXContainerItemProxy */;
		};
/* End PBXTargetDependency section */

/* Begin XCBuildConfiguration section */
		89B0DB472C2C0D9800DD2F56 /* Debug */ = {
			isa = XCBuildConfiguration;
			buildSettings = {
				ALWAYS_SEARCH_USER_PATHS = NO;
				ASSETCATALOG_COMPILER_GENERATE_SWIFT_ASSET_SYMBOL_EXTENSIONS = YES;
				CLANG_ANALYZER_NONNULL = YES;
				CLANG_ANALYZER_NUMBER_OBJECT_CONVERSION = YES_AGGRESSIVE;
				CLANG_CXX_LANGUAGE_STANDARD = "gnu++20";
				CLANG_ENABLE_MODULES = YES;
				CLANG_ENABLE_OBJC_ARC = YES;
				CLANG_ENABLE_OBJC_WEAK = YES;
				CLANG_WARN_BLOCK_CAPTURE_AUTORELEASING = YES;
				CLANG_WARN_BOOL_CONVERSION = YES;
				CLANG_WARN_COMMA = YES;
				CLANG_WARN_CONSTANT_CONVERSION = YES;
				CLANG_WARN_DEPRECATED_OBJC_IMPLEMENTATIONS = YES;
				CLANG_WARN_DIRECT_OBJC_ISA_USAGE = YES_ERROR;
				CLANG_WARN_DOCUMENTATION_COMMENTS = YES;
				CLANG_WARN_EMPTY_BODY = YES;
				CLANG_WARN_ENUM_CONVERSION = YES;
				CLANG_WARN_INFINITE_RECURSION = YES;
				CLANG_WARN_INT_CONVERSION = YES;
				CLANG_WARN_NON_LITERAL_NULL_CONVERSION = YES;
				CLANG_WARN_OBJC_IMPLICIT_RETAIN_SELF = YES;
				CLANG_WARN_OBJC_LITERAL_CONVERSION = YES;
				CLANG_WARN_OBJC_ROOT_CLASS = YES_ERROR;
				CLANG_WARN_QUOTED_INCLUDE_IN_FRAMEWORK_HEADER = YES;
				CLANG_WARN_RANGE_LOOP_ANALYSIS = YES;
				CLANG_WARN_STRICT_PROTOTYPES = YES;
				CLANG_WARN_SUSPICIOUS_MOVE = YES;
				CLANG_WARN_UNGUARDED_AVAILABILITY = YES_AGGRESSIVE;
				CLANG_WARN_UNREACHABLE_CODE = YES;
				CLANG_WARN__DUPLICATE_METHOD_MATCH = YES;
				COPY_PHASE_STRIP = NO;
				DEBUG_INFORMATION_FORMAT = dwarf;
				ENABLE_STRICT_OBJC_MSGSEND = YES;
				ENABLE_TESTABILITY = YES;
				ENABLE_USER_SCRIPT_SANDBOXING = YES;
				GCC_C_LANGUAGE_STANDARD = gnu17;
				GCC_DYNAMIC_NO_PIC = NO;
				GCC_NO_COMMON_BLOCKS = YES;
				GCC_OPTIMIZATION_LEVEL = 0;
				GCC_PREPROCESSOR_DEFINITIONS = (
					"DEBUG=1",
					"$(inherited)",
				);
				GCC_WARN_64_TO_32_BIT_CONVERSION = YES;
				GCC_WARN_ABOUT_RETURN_TYPE = YES_ERROR;
				GCC_WARN_UNDECLARED_SELECTOR = YES;
				GCC_WARN_UNINITIALIZED_AUTOS = YES_AGGRESSIVE;
				GCC_WARN_UNUSED_FUNCTION = YES;
				GCC_WARN_UNUSED_VARIABLE = YES;
				IPHONEOS_DEPLOYMENT_TARGET = 17.0;
				LOCALIZATION_PREFERS_STRING_CATALOGS = YES;
				MTL_ENABLE_DEBUG_INFO = INCLUDE_SOURCE;
				MTL_FAST_MATH = YES;
				ONLY_ACTIVE_ARCH = YES;
				SDKROOT = iphoneos;
				SWIFT_ACTIVE_COMPILATION_CONDITIONS = "DEBUG $(inherited)";
				SWIFT_OPTIMIZATION_LEVEL = "-Onone";
			};
			name = Debug;
		};
		89B0DB482C2C0D9800DD2F56 /* Release */ = {
			isa = XCBuildConfiguration;
			buildSettings = {
				ALWAYS_SEARCH_USER_PATHS = NO;
				ASSETCATALOG_COMPILER_GENERATE_SWIFT_ASSET_SYMBOL_EXTENSIONS = YES;
				CLANG_ANALYZER_NONNULL = YES;
				CLANG_ANALYZER_NUMBER_OBJECT_CONVERSION = YES_AGGRESSIVE;
				CLANG_CXX_LANGUAGE_STANDARD = "gnu++20";
				CLANG_ENABLE_MODULES = YES;
				CLANG_ENABLE_OBJC_ARC = YES;
				CLANG_ENABLE_OBJC_WEAK = YES;
				CLANG_WARN_BLOCK_CAPTURE_AUTORELEASING = YES;
				CLANG_WARN_BOOL_CONVERSION = YES;
				CLANG_WARN_COMMA = YES;
				CLANG_WARN_CONSTANT_CONVERSION = YES;
				CLANG_WARN_DEPRECATED_OBJC_IMPLEMENTATIONS = YES;
				CLANG_WARN_DIRECT_OBJC_ISA_USAGE = YES_ERROR;
				CLANG_WARN_DOCUMENTATION_COMMENTS = YES;
				CLANG_WARN_EMPTY_BODY = YES;
				CLANG_WARN_ENUM_CONVERSION = YES;
				CLANG_WARN_INFINITE_RECURSION = YES;
				CLANG_WARN_INT_CONVERSION = YES;
				CLANG_WARN_NON_LITERAL_NULL_CONVERSION = YES;
				CLANG_WARN_OBJC_IMPLICIT_RETAIN_SELF = YES;
				CLANG_WARN_OBJC_LITERAL_CONVERSION = YES;
				CLANG_WARN_OBJC_ROOT_CLASS = YES_ERROR;
				CLANG_WARN_QUOTED_INCLUDE_IN_FRAMEWORK_HEADER = YES;
				CLANG_WARN_RANGE_LOOP_ANALYSIS = YES;
				CLANG_WARN_STRICT_PROTOTYPES = YES;
				CLANG_WARN_SUSPICIOUS_MOVE = YES;
				CLANG_WARN_UNGUARDED_AVAILABILITY = YES_AGGRESSIVE;
				CLANG_WARN_UNREACHABLE_CODE = YES;
				CLANG_WARN__DUPLICATE_METHOD_MATCH = YES;
				COPY_PHASE_STRIP = NO;
				DEBUG_INFORMATION_FORMAT = "dwarf-with-dsym";
				ENABLE_NS_ASSERTIONS = NO;
				ENABLE_STRICT_OBJC_MSGSEND = YES;
				ENABLE_USER_SCRIPT_SANDBOXING = YES;
				GCC_C_LANGUAGE_STANDARD = gnu17;
				GCC_NO_COMMON_BLOCKS = YES;
				GCC_WARN_64_TO_32_BIT_CONVERSION = YES;
				GCC_WARN_ABOUT_RETURN_TYPE = YES_ERROR;
				GCC_WARN_UNDECLARED_SELECTOR = YES;
				GCC_WARN_UNINITIALIZED_AUTOS = YES_AGGRESSIVE;
				GCC_WARN_UNUSED_FUNCTION = YES;
				GCC_WARN_UNUSED_VARIABLE = YES;
				IPHONEOS_DEPLOYMENT_TARGET = 17.0;
				LOCALIZATION_PREFERS_STRING_CATALOGS = YES;
				MTL_ENABLE_DEBUG_INFO = NO;
				MTL_FAST_MATH = YES;
				SDKROOT = iphoneos;
				SWIFT_COMPILATION_MODE = wholemodule;
				VALIDATE_PRODUCT = YES;
			};
			name = Release;
		};
		89B0DB4A2C2C0D9800DD2F56 /* Debug */ = {
			isa = XCBuildConfiguration;
			buildSettings = {
				ASSETCATALOG_COMPILER_APPICON_NAME = AppIcon;
				ASSETCATALOG_COMPILER_GLOBAL_ACCENT_COLOR_NAME = AccentColor;
				CODE_SIGN_STYLE = Automatic;
				CURRENT_PROJECT_VERSION = 1;
				DEVELOPMENT_ASSET_PATHS = "\"PageView/Preview Content\"";
				ENABLE_PREVIEWS = YES;
				GENERATE_INFOPLIST_FILE = YES;
				INFOPLIST_KEY_UIApplicationSceneManifest_Generation = YES;
				INFOPLIST_KEY_UIApplicationSupportsIndirectInputEvents = YES;
				INFOPLIST_KEY_UILaunchScreen_Generation = YES;
				INFOPLIST_KEY_UISupportedInterfaceOrientations_iPad = "UIInterfaceOrientationPortrait UIInterfaceOrientationPortraitUpsideDown UIInterfaceOrientationLandscapeLeft UIInterfaceOrientationLandscapeRight";
				INFOPLIST_KEY_UISupportedInterfaceOrientations_iPhone = "UIInterfaceOrientationPortrait UIInterfaceOrientationLandscapeLeft UIInterfaceOrientationLandscapeRight";
				LD_RUNPATH_SEARCH_PATHS = (
					"$(inherited)",
					"@executable_path/Frameworks",
				);
				MARKETING_VERSION = 1.0;
				PRODUCT_BUNDLE_IDENTIFIER = com.jyunwu.PageView;
				PRODUCT_NAME = "$(TARGET_NAME)";
				SWIFT_EMIT_LOC_STRINGS = YES;
				SWIFT_VERSION = 5.0;
				TARGETED_DEVICE_FAMILY = "1,2";
			};
			name = Debug;
		};
		89B0DB4B2C2C0D9800DD2F56 /* Release */ = {
			isa = XCBuildConfiguration;
			buildSettings = {
				ASSETCATALOG_COMPILER_APPICON_NAME = AppIcon;
				ASSETCATALOG_COMPILER_GLOBAL_ACCENT_COLOR_NAME = AccentColor;
				CODE_SIGN_STYLE = Automatic;
				CURRENT_PROJECT_VERSION = 1;
				DEVELOPMENT_ASSET_PATHS = "\"PageView/Preview Content\"";
				ENABLE_PREVIEWS = YES;
				GENERATE_INFOPLIST_FILE = YES;
				INFOPLIST_KEY_UIApplicationSceneManifest_Generation = YES;
				INFOPLIST_KEY_UIApplicationSupportsIndirectInputEvents = YES;
				INFOPLIST_KEY_UILaunchScreen_Generation = YES;
				INFOPLIST_KEY_UISupportedInterfaceOrientations_iPad = "UIInterfaceOrientationPortrait UIInterfaceOrientationPortraitUpsideDown UIInterfaceOrientationLandscapeLeft UIInterfaceOrientationLandscapeRight";
				INFOPLIST_KEY_UISupportedInterfaceOrientations_iPhone = "UIInterfaceOrientationPortrait UIInterfaceOrientationLandscapeLeft UIInterfaceOrientationLandscapeRight";
				LD_RUNPATH_SEARCH_PATHS = (
					"$(inherited)",
					"@executable_path/Frameworks",
				);
				MARKETING_VERSION = 1.0;
				PRODUCT_BUNDLE_IDENTIFIER = com.jyunwu.PageView;
				PRODUCT_NAME = "$(TARGET_NAME)";
				SWIFT_EMIT_LOC_STRINGS = YES;
				SWIFT_VERSION = 5.0;
				TARGETED_DEVICE_FAMILY = "1,2";
			};
			name = Release;
		};
		89B0DB4D2C2C0D9800DD2F56 /* Debug */ = {
			isa = XCBuildConfiguration;
			buildSettings = {
				ALWAYS_EMBED_SWIFT_STANDARD_LIBRARIES = YES;
				BUNDLE_LOADER = "$(TEST_HOST)";
				CODE_SIGN_STYLE = Automatic;
				CURRENT_PROJECT_VERSION = 1;
				GENERATE_INFOPLIST_FILE = YES;
				IPHONEOS_DEPLOYMENT_TARGET = 17.0;
				MARKETING_VERSION = 1.0;
				PRODUCT_BUNDLE_IDENTIFIER = com.jyunwu.PageViewTests;
				PRODUCT_NAME = "$(TARGET_NAME)";
				SWIFT_EMIT_LOC_STRINGS = NO;
				SWIFT_VERSION = 5.0;
				TARGETED_DEVICE_FAMILY = "1,2";
				TEST_HOST = "$(BUILT_PRODUCTS_DIR)/PageView.app/$(BUNDLE_EXECUTABLE_FOLDER_PATH)/PageView";
			};
			name = Debug;
		};
		89B0DB4E2C2C0D9800DD2F56 /* Release */ = {
			isa = XCBuildConfiguration;
			buildSettings = {
				ALWAYS_EMBED_SWIFT_STANDARD_LIBRARIES = YES;
				BUNDLE_LOADER = "$(TEST_HOST)";
				CODE_SIGN_STYLE = Automatic;
				CURRENT_PROJECT_VERSION = 1;
				GENERATE_INFOPLIST_FILE = YES;
				IPHONEOS_DEPLOYMENT_TARGET = 17.0;
				MARKETING_VERSION = 1.0;
				PRODUCT_BUNDLE_IDENTIFIER = com.jyunwu.PageViewTests;
				PRODUCT_NAME = "$(TARGET_NAME)";
				SWIFT_EMIT_LOC_STRINGS = NO;
				SWIFT_VERSION = 5.0;
				TARGETED_DEVICE_FAMILY = "1,2";
				TEST_HOST = "$(BUILT_PRODUCTS_DIR)/PageView.app/$(BUNDLE_EXECUTABLE_FOLDER_PATH)/PageView";
			};
			name = Release;
		};
		89B0DB502C2C0D9800DD2F56 /* Debug */ = {
			isa = XCBuildConfiguration;
			buildSettings = {
				ALWAYS_EMBED_SWIFT_STANDARD_LIBRARIES = YES;
				CODE_SIGN_STYLE = Automatic;
				CURRENT_PROJECT_VERSION = 1;
				GENERATE_INFOPLIST_FILE = YES;
				MARKETING_VERSION = 1.0;
				PRODUCT_BUNDLE_IDENTIFIER = com.jyunwu.PageViewUITests;
				PRODUCT_NAME = "$(TARGET_NAME)";
				SWIFT_EMIT_LOC_STRINGS = NO;
				SWIFT_VERSION = 5.0;
				TARGETED_DEVICE_FAMILY = "1,2";
				TEST_TARGET_NAME = PageView;
			};
			name = Debug;
		};
		89B0DB512C2C0D9800DD2F56 /* Release */ = {
			isa = XCBuildConfiguration;
			buildSettings = {
				ALWAYS_EMBED_SWIFT_STANDARD_LIBRARIES = YES;
				CODE_SIGN_STYLE = Automatic;
				CURRENT_PROJECT_VERSION = 1;
				GENERATE_INFOPLIST_FILE = YES;
				MARKETING_VERSION = 1.0;
				PRODUCT_BUNDLE_IDENTIFIER = com.jyunwu.PageViewUITests;
				PRODUCT_NAME = "$(TARGET_NAME)";
				SWIFT_EMIT_LOC_STRINGS = NO;
				SWIFT_VERSION = 5.0;
				TARGETED_DEVICE_FAMILY = "1,2";
				TEST_TARGET_NAME = PageView;
			};
			name = Release;
		};
/* End XCBuildConfiguration section */

/* Begin XCConfigurationList section */
		89B0DB202C2C0D9500DD2F56 /* Build configuration list for PBXProject "PageView" */ = {
			isa = XCConfigurationList;
			buildConfigurations = (
				89B0DB472C2C0D9800DD2F56 /* Debug */,
				89B0DB482C2C0D9800DD2F56 /* Release */,
			);
			defaultConfigurationIsVisible = 0;
			defaultConfigurationName = Release;
		};
		89B0DB492C2C0D9800DD2F56 /* Build configuration list for PBXNativeTarget "PageView" */ = {
			isa = XCConfigurationList;
			buildConfigurations = (
				89B0DB4A2C2C0D9800DD2F56 /* Debug */,
				89B0DB4B2C2C0D9800DD2F56 /* Release */,
			);
			defaultConfigurationIsVisible = 0;
			defaultConfigurationName = Release;
		};
		89B0DB4C2C2C0D9800DD2F56 /* Build configuration list for PBXNativeTarget "PageViewTests" */ = {
			isa = XCConfigurationList;
			buildConfigurations = (
				89B0DB4D2C2C0D9800DD2F56 /* Debug */,
				89B0DB4E2C2C0D9800DD2F56 /* Release */,
			);
			defaultConfigurationIsVisible = 0;
			defaultConfigurationName = Release;
		};
		89B0DB4F2C2C0D9800DD2F56 /* Build configuration list for PBXNativeTarget "PageViewUITests" */ = {
			isa = XCConfigurationList;
			buildConfigurations = (
				89B0DB502C2C0D9800DD2F56 /* Debug */,
				89B0DB512C2C0D9800DD2F56 /* Release */,
			);
			defaultConfigurationIsVisible = 0;
			defaultConfigurationName = Release;
		};
/* End XCConfigurationList section */
	};
	rootObject = 89B0DB1D2C2C0D9500DD2F56 /* Project object */;
}
